
Microsoft Visual Studio Solution File, Format Version 12.00
# Visual Studio Version 17
VisualStudioVersion = 17.7.34018.315
MinimumVisualStudioVersion = 10.0.40219.1
Project("{FAE04EC0-301F-11D3-BF4B-00C04F79EFBC}") = "DBCparserTest", "DBCparserTest\DBCparserTest.csproj", "{111F5FA7-CF4C-4364-91E2-A0832CACF469}"
EndProject
Global
	GlobalSection(SolutionConfigurationPlatforms) = preSolution
		Debug|Any CPU = Debug|Any CPU
		Release|Any CPU = Release|Any CPU
	EndGlobalSection
	GlobalSection(ProjectConfigurationPlatforms) = postSolution
		{111F5FA7-CF4C-4364-91E2-A0832CACF469}.Debug|Any CPU.ActiveCfg = Debug|Any CPU
		{111F5FA7-CF4C-4364-91E2-A0832CACF469}.Debug|Any CPU.Build.0 = Debug|Any CPU
		{111F5FA7-CF4C-4364-91E2-A0832CACF469}.Release|Any CPU.ActiveCfg = Release|Any CPU
		{111F5FA7-CF4C-4364-91E2-A0832CACF469}.Release|Any CPU.Build.0 = Release|Any CPU
	EndGlobalSection
	GlobalSection(SolutionProperties) = preSolution
		HideSolutionNode = FALSE
	EndGlobalSection
	GlobalSection(ExtensibilityGlobals) = postSolution
		SolutionGuid = {E6780079-0CB7-4719-BF65-5AD2AEF83EF4}
	EndGlobalSection
EndGlobal
